
Microsoft Visual Studio Solution File, Format Version 12.00
# Visual Studio Version 17
VisualStudioVersion = 17.5.002.0
MinimumVisualStudioVersion = 10.0.40219.1
Project("{9A19103F-16F7-4668-BE54-9A1E7A4F7556}") = "RamadanFlashcardsWeb", "RamadanFlashcardsWeb.csproj", "{3C498E29-DA5E-4DAB-B65B-F5A98764C9FC}"
EndProject
Global
	GlobalSection(SolutionConfigurationPlatforms) = preSolution
		Debug|Any CPU = Debug|Any CPU
		Release|Any CPU = Release|Any CPU
	EndGlobalSection
	GlobalSection(ProjectConfigurationPlatforms) = postSolution
		{3C498E29-DA5E-4DAB-B65B-F5A98764C9FC}.Debug|Any CPU.ActiveCfg = Debug|Any CPU
		{3C498E29-DA5E-4DAB-B65B-F5A98764C9FC}.Debug|Any CPU.Build.0 = Debug|Any CPU
		{3C498E29-DA5E-4DAB-B65B-F5A98764C9FC}.Release|Any CPU.ActiveCfg = Release|Any CPU
		{3C498E29-DA5E-4DAB-B65B-F5A98764C9FC}.Release|Any CPU.Build.0 = Release|Any CPU
	EndGlobalSection
	GlobalSection(SolutionProperties) = preSolution
		HideSolutionNode = FALSE
	EndGlobalSection
	GlobalSection(ExtensibilityGlobals) = postSolution
		SolutionGuid = {F6C03658-FA89-4633-8681-7D55971DFC48}
	EndGlobalSection
EndGlobal
